
Microsoft Visual Studio Solution File, Format Version 12.00
# Visual Studio 14
VisualStudioVersion = 14.0.23107.0
MinimumVisualStudioVersion = 10.0.40219.1
Project("{D4B43EB3-688B-4EEE-86BD-088F0B28ABB3}") = "AFI.EDI", "AFI.EDI\AFI.EDI.mpproj", "{E940A28C-24BF-4D5C-95B0-436F3DE68DE4}"
EndProject
Global
	GlobalSection(SolutionConfigurationPlatforms) = preSolution
		Debug|x86 = Debug|x86
		Release|x86 = Release|x86
	EndGlobalSection
	GlobalSection(ProjectConfigurationPlatforms) = postSolution
		{E940A28C-24BF-4D5C-95B0-436F3DE68DE4}.Debug|x86.ActiveCfg = Debug|x86
		{E940A28C-24BF-4D5C-95B0-436F3DE68DE4}.Debug|x86.Build.0 = Debug|x86
		{E940A28C-24BF-4D5C-95B0-436F3DE68DE4}.Release|x86.ActiveCfg = Release|x86
		{E940A28C-24BF-4D5C-95B0-436F3DE68DE4}.Release|x86.Build.0 = Release|x86
	EndGlobalSection
	GlobalSection(SolutionProperties) = preSolution
		HideSolutionNode = FALSE
	EndGlobalSection
EndGlobal
